github.com/DmitriyVTitov/size v1.1.0 h1:9i2UsP0QpR3MmSv53M/WW7wVoWPZez8UMswDas3GPZ4=
github.com/DmitriyVTitov/size v1.1.0/go.mod h1:asVR2J1mZ/2yIobW+JomrhJb90qWzWMyuFJs1BX89+Y=
github.com/google/go-cmp v0.5.7 h1:81/ik6ipDQS2aGcBfIN5dHDB36BwrStyeAQquSYCV4o=
github.com/google/go-cmp v0.5.7/go.mod h1:n+brtR0CgQNWTVd5ZUFpTBC8YFBDLK/h/bpaJ8/DtOE=
golang.org/x/xerrors v0.0.0-20191204190536-9bdfabe68543/go.mod h1:I/5z698sn9Ka8TeJc9MKroUUfqBBauWjQqLJ2OPfmY0=
